
Microsoft Visual Studio Solution File, Format Version 12.00
# Visual Studio Version 16
VisualStudioVersion = 16.0.30404.54
MinimumVisualStudioVersion = 10.0.40219.1
Project("{9A19103F-16F7-4668-BE54-9A1E7A4F7556}") = "Geexbox.Logging.ElasticSearch", "Geexbox.Logging.ElasticSearch.csproj", "{023E1109-F137-41F5-A859-0C7E2D3A165A}"
EndProject
Global
	GlobalSection(SolutionConfigurationPlatforms) = preSolution
		Debug|Any CPU = Debug|Any CPU
		Release|Any CPU = Release|Any CPU
	EndGlobalSection
	GlobalSection(ProjectConfigurationPlatforms) = postSolution
		{023E1109-F137-41F5-A859-0C7E2D3A165A}.Debug|Any CPU.ActiveCfg = Debug|Any CPU
		{023E1109-F137-41F5-A859-0C7E2D3A165A}.Debug|Any CPU.Build.0 = Debug|Any CPU
		{023E1109-F137-41F5-A859-0C7E2D3A165A}.Release|Any CPU.ActiveCfg = Release|Any CPU
		{023E1109-F137-41F5-A859-0C7E2D3A165A}.Release|Any CPU.Build.0 = Release|Any CPU
	EndGlobalSection
	GlobalSection(SolutionProperties) = preSolution
		HideSolutionNode = FALSE
	EndGlobalSection
	GlobalSection(ExtensibilityGlobals) = postSolution
		SolutionGuid = {B255125A-AE4E-430D-9C8B-C2BE345E5C08}
	EndGlobalSection
EndGlobal
